
Microsoft Visual Studio Solution File, Format Version 12.00
# Visual Studio Version 17
VisualStudioVersion = 17.10.35013.160
MinimumVisualStudioVersion = 10.0.40219.1
Project("{8BC9CEB8-8B4A-11D0-8D11-00A0C91BC942}") = "Client", "Client.vcxproj", "{7F52E84B-C0AE-4AE3-974F-8774C4F99B36}"
EndProject
Global
	GlobalSection(SolutionConfigurationPlatforms) = preSolution
		Debug|x64 = Debug|x64
		Release|x64 = Release|x64
	EndGlobalSection
	GlobalSection(ProjectConfigurationPlatforms) = postSolution
		{7F52E84B-C0AE-4AE3-974F-8774C4F99B36}.Debug|x64.ActiveCfg = Debug|x64
		{7F52E84B-C0AE-4AE3-974F-8774C4F99B36}.Debug|x64.Build.0 = Debug|x64
		{7F52E84B-C0AE-4AE3-974F-8774C4F99B36}.Release|x64.ActiveCfg = Release|x64
		{7F52E84B-C0AE-4AE3-974F-8774C4F99B36}.Release|x64.Build.0 = Release|x64
	EndGlobalSection
	GlobalSection(SolutionProperties) = preSolution
		HideSolutionNode = FALSE
	EndGlobalSection
	GlobalSection(ExtensibilityGlobals) = postSolution
		SolutionGuid = {5FBD3BAF-D3E5-4390-80B1-0FAC7F5100D9}
	EndGlobalSection
EndGlobal
